<?xml version="1.0" encoding="UTF-8" standalone="yes" ?>
<CodeBlocks_project_file>
	<FileVersion major="1" minor="6" />
	<Project>
		<Option title="bad_ice_cream_game" />
		<Option pch_mode="2" />
		<Option compiler="gcc" />
		<Build>
			<Target title="Debug">
				<Option output="bin/Debug/bad_ice_cream_game" prefix_auto="1" extension_auto="1" />
				<Option object_output="obj/Debug/" />
				<Option type="1" />
				<Option compiler="gcc" />
				<Compiler>
					<Add option="-g" />
				</Compiler>
			</Target>
			<Target title="Release">
				<Option output="bin/Release/bad_ice_cream_game" prefix_auto="1" extension_auto="1" />
				<Option object_output="obj/Release/" />
				<Option type="1" />
				<Option compiler="gcc" />
				<Compiler>
					<Add option="-O2" />
				</Compiler>
				<Linker>
					<Add option="-s" />
				</Linker>
			</Target>
		</Build>
		<Compiler>
			<Add option="-Wall" />
			<Add option="-fexceptions" />
			<Add directory="SDL2_mixer-2.6.3/include" />
		</Compiler>
		<Linker>
			<Add library="SDL2_mixer" />
			<Add library="SDL2" />
			<Add directory="SDL2_mixer-2.6.3/lib" />
		</Linker>
		<Unit filename="assets/images/background_play.png" />
		<Unit filename="assets/images/background_start.jpg" />
		<Unit filename="assets/images/enemy.png" />
		<Unit filename="assets/images/fruit.png" />
		<Unit filename="assets/images/gameover.jpg" />
		<Unit filename="assets/images/ice.png" />
		<Unit filename="assets/images/icecreamtitle.png" />
		<Unit filename="assets/images/player.png" />
		<Unit filename="assets/images/startgame.png" />
		<Unit filename="assets/images/win.jpg" />
		<Unit filename="assets/music/music.mp3" />
		<Unit filename="assets/sounds/bottom_start.mp3" />
		<Unit filename="assets/sounds/break_ice.wav" />
		<Unit filename="assets/sounds/eat.wav" />
		<Unit filename="assets/sounds/lost.wav" />
		<Unit filename="audio.cpp" />
		<Unit filename="audio.h" />
		<Unit filename="defs.h" />
		<Unit filename="graphics.cpp" />
		<Unit filename="graphics.h" />
		<Unit filename="main.cpp" />
		<Extensions>
			<lib_finder disable_auto="1" />
		</Extensions>
	</Project>
</CodeBlocks_project_file>
